PODS:
  - AFNetworking (2.6.3):
    - AFNetworking/NSURLConnection (= 2.6.3)
    - AFNetworking/NSURLSession (= 2.6.3)
    - AFNetworking/Reachability (= 2.6.3)
    - AFNetworking/Security (= 2.6.3)
    - AFNetworking/Serialization (= 2.6.3)
    - AFNetworking/UIKit (= 2.6.3)
  - AFNetworking/NSURLConnection (2.6.3):
    - AFNetworking/Reachability
    - AFNetworking/Security
    - AFNetworking/Serialization
  - AFNetworking/NSURLSession (2.6.3):
    - AFNetworking/Reachability
    - AFNetworking/Security
    - AFNetworking/Serialization
  - AFNetworking/Reachability (2.6.3)
  - AFNetworking/Security (2.6.3)
  - AFNetworking/Serialization (2.6.3)
  - AFNetworking/UIKit (2.6.3):
    - AFNetworking/NSURLConnection
    - AFNetworking/NSURLSession
  - JSONModel (1.1.2)
  - SDWebImage (3.7.3):
    - SDWebImage/Core (= 3.7.3)
  - SDWebImage/Core (3.7.3)
  - SIOSocket (0.2.0)
  - UIAlertView+Blocks (0.9)

DEPENDENCIES:
  - AFNetworking (~> 2.6)
  - JSONModel (~> 1.1)
  - SDWebImage (~> 3.7)
  - SIOSocket (~> 0.2.0)
  - UIAlertView+Blocks (~> 0.9)

SPEC CHECKSUMS:
  AFNetworking: cb8d14a848e831097108418f5d49217339d4eb60
  JSONModel: 216584d0311b053ff714f1d6cb700dbf890847bc
  SDWebImage: 1d2b1a1efda1ade1b00b6f8498865f8ddedc8a84
  SIOSocket: 2facc0bd02ae72d98c223634a46dd8ebdf9be321
  UIAlertView+Blocks: a46c99c5144f6c5dbc7d62fd2a0678daceec89a3

PODFILE CHECKSUM: e930403403cb290ab0dc3cbca2f277009402c798

COCOAPODS: 1.0.1
